
Microsoft Visual Studio Solution File, Format Version 12.00
# Visual Studio Version 17
VisualStudioVersion = 17.6.33829.357
MinimumVisualStudioVersion = 10.0.40219.1
Project("{9A19103F-16F7-4668-BE54-9A1E7A4F7556}") = "catalog", "catalog.csproj", "{CE816317-8E94-4A32-8391-157A935320F1}"
EndProject
Project("{9A19103F-16F7-4668-BE54-9A1E7A4F7556}") = "cart", "..\cart\cart.csproj", "{11B4E374-34E7-4665-885A-FE7BA632393C}"
EndProject
Project("{9A19103F-16F7-4668-BE54-9A1E7A4F7556}") = "order", "..\order\order.csproj", "{A26DE908-9909-4414-81BC-0C02FDF9DF88}"
EndProject
Project("{9A19103F-16F7-4668-BE54-9A1E7A4F7556}") = "ServiceBusDemo", "..\ServiceBusDemo\ServiceBusDemo.csproj", "{1F61BD51-D5EC-4861-B0DC-850F8BD3C454}"
EndProject
Project("{9A19103F-16F7-4668-BE54-9A1E7A4F7556}") = "StorageQueueDemo", "..\StorageQueueDemo\StorageQueueDemo.csproj", "{61C52CFC-A1ED-4955-9B53-F39975EBA9E1}"
EndProject
Global
	GlobalSection(SolutionConfigurationPlatforms) = preSolution
		Debug|Any CPU = Debug|Any CPU
		Release|Any CPU = Release|Any CPU
	EndGlobalSection
	GlobalSection(ProjectConfigurationPlatforms) = postSolution
		{CE816317-8E94-4A32-8391-157A935320F1}.Debug|Any CPU.ActiveCfg = Debug|Any CPU
		{CE816317-8E94-4A32-8391-157A935320F1}.Debug|Any CPU.Build.0 = Debug|Any CPU
		{CE816317-8E94-4A32-8391-157A935320F1}.Release|Any CPU.ActiveCfg = Release|Any CPU
		{CE816317-8E94-4A32-8391-157A935320F1}.Release|Any CPU.Build.0 = Release|Any CPU
		{11B4E374-34E7-4665-885A-FE7BA632393C}.Debug|Any CPU.ActiveCfg = Debug|Any CPU
		{11B4E374-34E7-4665-885A-FE7BA632393C}.Debug|Any CPU.Build.0 = Debug|Any CPU
		{11B4E374-34E7-4665-885A-FE7BA632393C}.Release|Any CPU.ActiveCfg = Release|Any CPU
		{11B4E374-34E7-4665-885A-FE7BA632393C}.Release|Any CPU.Build.0 = Release|Any CPU
		{A26DE908-9909-4414-81BC-0C02FDF9DF88}.Debug|Any CPU.ActiveCfg = Debug|Any CPU
		{A26DE908-9909-4414-81BC-0C02FDF9DF88}.Debug|Any CPU.Build.0 = Debug|Any CPU
		{A26DE908-9909-4414-81BC-0C02FDF9DF88}.Release|Any CPU.ActiveCfg = Release|Any CPU
		{A26DE908-9909-4414-81BC-0C02FDF9DF88}.Release|Any CPU.Build.0 = Release|Any CPU
		{1F61BD51-D5EC-4861-B0DC-850F8BD3C454}.Debug|Any CPU.ActiveCfg = Debug|Any CPU
		{1F61BD51-D5EC-4861-B0DC-850F8BD3C454}.Debug|Any CPU.Build.0 = Debug|Any CPU
		{1F61BD51-D5EC-4861-B0DC-850F8BD3C454}.Release|Any CPU.ActiveCfg = Release|Any CPU
		{1F61BD51-D5EC-4861-B0DC-850F8BD3C454}.Release|Any CPU.Build.0 = Release|Any CPU
		{61C52CFC-A1ED-4955-9B53-F39975EBA9E1}.Debug|Any CPU.ActiveCfg = Debug|Any CPU
		{61C52CFC-A1ED-4955-9B53-F39975EBA9E1}.Debug|Any CPU.Build.0 = Debug|Any CPU
		{61C52CFC-A1ED-4955-9B53-F39975EBA9E1}.Release|Any CPU.ActiveCfg = Release|Any CPU
		{61C52CFC-A1ED-4955-9B53-F39975EBA9E1}.Release|Any CPU.Build.0 = Release|Any CPU
	EndGlobalSection
	GlobalSection(SolutionProperties) = preSolution
		HideSolutionNode = FALSE
	EndGlobalSection
	GlobalSection(ExtensibilityGlobals) = postSolution
		SolutionGuid = {C2FE81B8-8A90-4CE1-9D8C-A072C6D3D7C1}
	EndGlobalSection
EndGlobal
